
Microsoft Visual Studio Solution File, Format Version 12.00
# Visual Studio 15
Project("{FAE04EC0-301F-11D3-BF4B-00C04F79EFBC}") = "Unity.Timeline", "Unity.Timeline.csproj", "{87632E72-6C5F-5BED-3AFB-95E5E0A361B0}"
EndProject
Project("{FAE04EC0-301F-11D3-BF4B-00C04F79EFBC}") = "Unity.Timeline.Editor", "Unity.Timeline.Editor.csproj", "{4A69A2BF-5621-4E94-E7AD-13F377C3AAF4}"
EndProject
Project("{FAE04EC0-301F-11D3-BF4B-00C04F79EFBC}") = "Unity.TextMeshPro.Editor", "Unity.TextMeshPro.Editor.csproj", "{536CCDBA-C8B9-43D0-FE3E-8E72C452EC92}"
EndProject
Project("{FAE04EC0-301F-11D3-BF4B-00C04F79EFBC}") = "Unity.VisualScripting.Flow", "Unity.VisualScripting.Flow.csproj", "{3B16ACE9-C218-7DDF-3163-83A78E5DF261}"
EndProject
Project("{FAE04EC0-301F-11D3-BF4B-00C04F79EFBC}") = "UnityEditor.UI", "UnityEditor.UI.csproj", "{751A0220-2C04-3D62-3B1A-270F6A485736}"
EndProject
Project("{FAE04EC0-301F-11D3-BF4B-00C04F79EFBC}") = "Unity.PlasticSCM.Editor", "Unity.PlasticSCM.Editor.csproj", "{F2512ED5-86E8-0FF5-2754-5A579EDEA0DC}"
EndProject
Project("{FAE04EC0-301F-11D3-BF4B-00C04F79EFBC}") = "Unity.VisualScripting.Core", "Unity.VisualScripting.Core.csproj", "{8E7A7622-34CC-3282-549C-E10159B19F81}"
EndProject
Project("{FAE04EC0-301F-11D3-BF4B-00C04F79EFBC}") = "Unity.VisualScripting.Core.Editor", "Unity.VisualScripting.Core.Editor.csproj", "{77FCFF95-BAC9-730C-1730-0DEDD2C8D186}"
EndProject
Project("{FAE04EC0-301F-11D3-BF4B-00C04F79EFBC}") = "Unity.VisualScripting.Flow.Editor", "Unity.VisualScripting.Flow.Editor.csproj", "{0E4EBED7-140A-B941-1460-2BBEEBDC410C}"
EndProject
Project("{FAE04EC0-301F-11D3-BF4B-00C04F79EFBC}") = "UnityEditor.TestRunner", "UnityEditor.TestRunner.csproj", "{64EE9AD7-A35A-9E1B-9ECE-4A53F0B7652B}"
EndProject
Project("{FAE04EC0-301F-11D3-BF4B-00C04F79EFBC}") = "Unity.VisualScripting.SettingsProvider.Editor", "Unity.VisualScripting.SettingsProvider.Editor.csproj", "{501F3AAD-48DB-5B89-CC4D-CD120DEC96E5}"
EndProject
Project("{FAE04EC0-301F-11D3-BF4B-00C04F79EFBC}") = "UnityEngine.TestRunner", "UnityEngine.TestRunner.csproj", "{9DD89E6C-4B1B-C5D6-E3F4-304903F91649}"
EndProject
Project("{FAE04EC0-301F-11D3-BF4B-00C04F79EFBC}") = "UnityEngine.UI", "UnityEngine.UI.csproj", "{7DFC3A2A-ABD8-248D-7253-8A9B567EFD33}"
EndProject
Project("{FAE04EC0-301F-11D3-BF4B-00C04F79EFBC}") = "Unity.VisualStudio.Editor", "Unity.VisualStudio.Editor.csproj", "{6F4755B4-AE20-4C64-EF74-C0DB001360DC}"
EndProject
Project("{FAE04EC0-301F-11D3-BF4B-00C04F79EFBC}") = "Unity.TestTools.CodeCoverage.Editor.OpenCover.Model", "Unity.TestTools.CodeCoverage.Editor.OpenCover.Model.csproj", "{754DC3DA-94CA-B98F-33AE-2C0E8A7DCBC2}"
EndProject
Project("{FAE04EC0-301F-11D3-BF4B-00C04F79EFBC}") = "Unity.Rider.Editor", "Unity.Rider.Editor.csproj", "{3B3809D2-E98E-D59A-12A4-F82FC5BEC185}"
EndProject
Project("{FAE04EC0-301F-11D3-BF4B-00C04F79EFBC}") = "Unity.VisualScripting.State.Editor", "Unity.VisualScripting.State.Editor.csproj", "{021296C5-89CB-0305-57BD-E10B4EFB17E6}"
EndProject
Project("{FAE04EC0-301F-11D3-BF4B-00C04F79EFBC}") = "Unity.TestTools.CodeCoverage.Editor", "Unity.TestTools.CodeCoverage.Editor.csproj", "{86B647B4-6440-F5B0-7E73-FA04294B1A22}"
EndProject
Project("{FAE04EC0-301F-11D3-BF4B-00C04F79EFBC}") = "Unity.VisualScripting.State", "Unity.VisualScripting.State.csproj", "{CA778920-1841-3874-C899-78EF156CECE8}"
EndProject
Project("{FAE04EC0-301F-11D3-BF4B-00C04F79EFBC}") = "Unity.TextMeshPro", "Unity.TextMeshPro.csproj", "{76E9AB1A-6C92-61A2-FE45-C86667F6136C}"
EndProject
Project("{FAE04EC0-301F-11D3-BF4B-00C04F79EFBC}") = "Unity.Performance.Profile-Analyzer.Editor", "Unity.Performance.Profile-Analyzer.Editor.csproj", "{428B3F54-DA76-20DB-4D8A-3DDB0E5F1C26}"
EndProject
Project("{FAE04EC0-301F-11D3-BF4B-00C04F79EFBC}") = "Unity.VSCode.Editor", "Unity.VSCode.Editor.csproj", "{38A5A563-4C3D-D050-1687-167767CFC3FC}"
EndProject
Project("{FAE04EC0-301F-11D3-BF4B-00C04F79EFBC}") = "Unity.TestTools.CodeCoverage.Editor.OpenCover.Mono.Reflection", "Unity.TestTools.CodeCoverage.Editor.OpenCover.Mono.Reflection.csproj", "{9C0F5A17-21B9-77F0-F1C2-41E43BAA0BEF}"
EndProject
Project("{FAE04EC0-301F-11D3-BF4B-00C04F79EFBC}") = "Unity.Settings.Editor", "Unity.Settings.Editor.csproj", "{F9AE1C6D-E150-9303-5119-BFDFDA75F7AF}"
EndProject
Project("{FAE04EC0-301F-11D3-BF4B-00C04F79EFBC}") = "Unity.EditorCoroutines.Editor", "Unity.EditorCoroutines.Editor.csproj", "{83AE0E35-846D-D305-447E-23B5D2320BF0}"
EndProject
Project("{FAE04EC0-301F-11D3-BF4B-00C04F79EFBC}") = "Unity.VisualScripting.Shared.Editor", "Unity.VisualScripting.Shared.Editor.csproj", "{43A71040-A338-5032-FF40-561984A51631}"
EndProject
Project("{FAE04EC0-301F-11D3-BF4B-00C04F79EFBC}") = "Unity.CollabProxy.Editor", "Unity.CollabProxy.Editor.csproj", "{24DD124E-2565-9688-412B-55DF0949B414}"
EndProject
Global
	GlobalSection(SolutionConfigurationPlatforms) = preSolution
		Debug|Any CPU = Debug|Any CPU
		Release|Any CPU = Release|Any CPU
	EndGlobalSection
	GlobalSection(ProjectConfigurationPlatforms) = postSolution
		{87632E72-6C5F-5BED-3AFB-95E5E0A361B0}.Debug|Any CPU.ActiveCfg = Debug|Any CPU
		{87632E72-6C5F-5BED-3AFB-95E5E0A361B0}.Debug|Any CPU.Build.0 = Debug|Any CPU
		{87632E72-6C5F-5BED-3AFB-95E5E0A361B0}.Release|Any CPU.ActiveCfg = Release|Any CPU
		{87632E72-6C5F-5BED-3AFB-95E5E0A361B0}.Release|Any CPU.Build.0 = Release|Any CPU
		{4A69A2BF-5621-4E94-E7AD-13F377C3AAF4}.Debug|Any CPU.ActiveCfg = Debug|Any CPU
		{4A69A2BF-5621-4E94-E7AD-13F377C3AAF4}.Debug|Any CPU.Build.0 = Debug|Any CPU
		{4A69A2BF-5621-4E94-E7AD-13F377C3AAF4}.Release|Any CPU.ActiveCfg = Release|Any CPU
		{4A69A2BF-5621-4E94-E7AD-13F377C3AAF4}.Release|Any CPU.Build.0 = Release|Any CPU
		{536CCDBA-C8B9-43D0-FE3E-8E72C452EC92}.Debug|Any CPU.ActiveCfg = Debug|Any CPU
		{536CCDBA-C8B9-43D0-FE3E-8E72C452EC92}.Debug|Any CPU.Build.0 = Debug|Any CPU
		{536CCDBA-C8B9-43D0-FE3E-8E72C452EC92}.Release|Any CPU.ActiveCfg = Release|Any CPU
		{536CCDBA-C8B9-43D0-FE3E-8E72C452EC92}.Release|Any CPU.Build.0 = Release|Any CPU
		{3B16ACE9-C218-7DDF-3163-83A78E5DF261}.Debug|Any CPU.ActiveCfg = Debug|Any CPU
		{3B16ACE9-C218-7DDF-3163-83A78E5DF261}.Debug|Any CPU.Build.0 = Debug|Any CPU
		{3B16ACE9-C218-7DDF-3163-83A78E5DF261}.Release|Any CPU.ActiveCfg = Release|Any CPU
		{3B16ACE9-C218-7DDF-3163-83A78E5DF261}.Release|Any CPU.Build.0 = Release|Any CPU
		{751A0220-2C04-3D62-3B1A-270F6A485736}.Debug|Any CPU.ActiveCfg = Debug|Any CPU
		{751A0220-2C04-3D62-3B1A-270F6A485736}.Debug|Any CPU.Build.0 = Debug|Any CPU
		{751A0220-2C04-3D62-3B1A-270F6A485736}.Release|Any CPU.ActiveCfg = Release|Any CPU
		{751A0220-2C04-3D62-3B1A-270F6A485736}.Release|Any CPU.Build.0 = Release|Any CPU
		{F2512ED5-86E8-0FF5-2754-5A579EDEA0DC}.Debug|Any CPU.ActiveCfg = Debug|Any CPU
		{F2512ED5-86E8-0FF5-2754-5A579EDEA0DC}.Debug|Any CPU.Build.0 = Debug|Any CPU
		{F2512ED5-86E8-0FF5-2754-5A579EDEA0DC}.Release|Any CPU.ActiveCfg = Release|Any CPU
		{F2512ED5-86E8-0FF5-2754-5A579EDEA0DC}.Release|Any CPU.Build.0 = Release|Any CPU
		{8E7A7622-34CC-3282-549C-E10159B19F81}.Debug|Any CPU.ActiveCfg = Debug|Any CPU
		{8E7A7622-34CC-3282-549C-E10159B19F81}.Debug|Any CPU.Build.0 = Debug|Any CPU
		{8E7A7622-34CC-3282-549C-E10159B19F81}.Release|Any CPU.ActiveCfg = Release|Any CPU
		{8E7A7622-34CC-3282-549C-E10159B19F81}.Release|Any CPU.Build.0 = Release|Any CPU
		{77FCFF95-BAC9-730C-1730-0DEDD2C8D186}.Debug|Any CPU.ActiveCfg = Debug|Any CPU
		{77FCFF95-BAC9-730C-1730-0DEDD2C8D186}.Debug|Any CPU.Build.0 = Debug|Any CPU
		{77FCFF95-BAC9-730C-1730-0DEDD2C8D186}.Release|Any CPU.ActiveCfg = Release|Any CPU
		{77FCFF95-BAC9-730C-1730-0DEDD2C8D186}.Release|Any CPU.Build.0 = Release|Any CPU
		{0E4EBED7-140A-B941-1460-2BBEEBDC410C}.Debug|Any CPU.ActiveCfg = Debug|Any CPU
		{0E4EBED7-140A-B941-1460-2BBEEBDC410C}.Debug|Any CPU.Build.0 = Debug|Any CPU
		{0E4EBED7-140A-B941-1460-2BBEEBDC410C}.Release|Any CPU.ActiveCfg = Release|Any CPU
		{0E4EBED7-140A-B941-1460-2BBEEBDC410C}.Release|Any CPU.Build.0 = Release|Any CPU
		{64EE9AD7-A35A-9E1B-9ECE-4A53F0B7652B}.Debug|Any CPU.ActiveCfg = Debug|Any CPU
		{64EE9AD7-A35A-9E1B-9ECE-4A53F0B7652B}.Debug|Any CPU.Build.0 = Debug|Any CPU
		{64EE9AD7-A35A-9E1B-9ECE-4A53F0B7652B}.Release|Any CPU.ActiveCfg = Release|Any CPU
		{64EE9AD7-A35A-9E1B-9ECE-4A53F0B7652B}.Release|Any CPU.Build.0 = Release|Any CPU
		{501F3AAD-48DB-5B89-CC4D-CD120DEC96E5}.Debug|Any CPU.ActiveCfg = Debug|Any CPU
		{501F3AAD-48DB-5B89-CC4D-CD120DEC96E5}.Debug|Any CPU.Build.0 = Debug|Any CPU
		{501F3AAD-48DB-5B89-CC4D-CD120DEC96E5}.Release|Any CPU.ActiveCfg = Release|Any CPU
		{501F3AAD-48DB-5B89-CC4D-CD120DEC96E5}.Release|Any CPU.Build.0 = Release|Any CPU
		{9DD89E6C-4B1B-C5D6-E3F4-304903F91649}.Debug|Any CPU.ActiveCfg = Debug|Any CPU
		{9DD89E6C-4B1B-C5D6-E3F4-304903F91649}.Debug|Any CPU.Build.0 = Debug|Any CPU
		{9DD89E6C-4B1B-C5D6-E3F4-304903F91649}.Release|Any CPU.ActiveCfg = Release|Any CPU
		{9DD89E6C-4B1B-C5D6-E3F4-304903F91649}.Release|Any CPU.Build.0 = Release|Any CPU
		{7DFC3A2A-ABD8-248D-7253-8A9B567EFD33}.Debug|Any CPU.ActiveCfg = Debug|Any CPU
		{7DFC3A2A-ABD8-248D-7253-8A9B567EFD33}.Debug|Any CPU.Build.0 = Debug|Any CPU
		{7DFC3A2A-ABD8-248D-7253-8A9B567EFD33}.Release|Any CPU.ActiveCfg = Release|Any CPU
		{7DFC3A2A-ABD8-248D-7253-8A9B567EFD33}.Release|Any CPU.Build.0 = Release|Any CPU
		{6F4755B4-AE20-4C64-EF74-C0DB001360DC}.Debug|Any CPU.ActiveCfg = Debug|Any CPU
		{6F4755B4-AE20-4C64-EF74-C0DB001360DC}.Debug|Any CPU.Build.0 = Debug|Any CPU
		{6F4755B4-AE20-4C64-EF74-C0DB001360DC}.Release|Any CPU.ActiveCfg = Release|Any CPU
		{6F4755B4-AE20-4C64-EF74-C0DB001360DC}.Release|Any CPU.Build.0 = Release|Any CPU
		{754DC3DA-94CA-B98F-33AE-2C0E8A7DCBC2}.Debug|Any CPU.ActiveCfg = Debug|Any CPU
		{754DC3DA-94CA-B98F-33AE-2C0E8A7DCBC2}.Debug|Any CPU.Build.0 = Debug|Any CPU
		{754DC3DA-94CA-B98F-33AE-2C0E8A7DCBC2}.Release|Any CPU.ActiveCfg = Release|Any CPU
		{754DC3DA-94CA-B98F-33AE-2C0E8A7DCBC2}.Release|Any CPU.Build.0 = Release|Any CPU
		{3B3809D2-E98E-D59A-12A4-F82FC5BEC185}.Debug|Any CPU.ActiveCfg = Debug|Any CPU
		{3B3809D2-E98E-D59A-12A4-F82FC5BEC185}.Debug|Any CPU.Build.0 = Debug|Any CPU
		{3B3809D2-E98E-D59A-12A4-F82FC5BEC185}.Release|Any CPU.ActiveCfg = Release|Any CPU
		{3B3809D2-E98E-D59A-12A4-F82FC5BEC185}.Release|Any CPU.Build.0 = Release|Any CPU
		{021296C5-89CB-0305-57BD-E10B4EFB17E6}.Debug|Any CPU.ActiveCfg = Debug|Any CPU
		{021296C5-89CB-0305-57BD-E10B4EFB17E6}.Debug|Any CPU.Build.0 = Debug|Any CPU
		{021296C5-89CB-0305-57BD-E10B4EFB17E6}.Release|Any CPU.ActiveCfg = Release|Any CPU
		{021296C5-89CB-0305-57BD-E10B4EFB17E6}.Release|Any CPU.Build.0 = Release|Any CPU
		{86B647B4-6440-F5B0-7E73-FA04294B1A22}.Debug|Any CPU.ActiveCfg = Debug|Any CPU
		{86B647B4-6440-F5B0-7E73-FA04294B1A22}.Debug|Any CPU.Build.0 = Debug|Any CPU
		{86B647B4-6440-F5B0-7E73-FA04294B1A22}.Release|Any CPU.ActiveCfg = Release|Any CPU
		{86B647B4-6440-F5B0-7E73-FA04294B1A22}.Release|Any CPU.Build.0 = Release|Any CPU
		{CA778920-1841-3874-C899-78EF156CECE8}.Debug|Any CPU.ActiveCfg = Debug|Any CPU
		{CA778920-1841-3874-C899-78EF156CECE8}.Debug|Any CPU.Build.0 = Debug|Any CPU
		{CA778920-1841-3874-C899-78EF156CECE8}.Release|Any CPU.ActiveCfg = Release|Any CPU
		{CA778920-1841-3874-C899-78EF156CECE8}.Release|Any CPU.Build.0 = Release|Any CPU
		{76E9AB1A-6C92-61A2-FE45-C86667F6136C}.Debug|Any CPU.ActiveCfg = Debug|Any CPU
		{76E9AB1A-6C92-61A2-FE45-C86667F6136C}.Debug|Any CPU.Build.0 = Debug|Any CPU
		{76E9AB1A-6C92-61A2-FE45-C86667F6136C}.Release|Any CPU.ActiveCfg = Release|Any CPU
		{76E9AB1A-6C92-61A2-FE45-C86667F6136C}.Release|Any CPU.Build.0 = Release|Any CPU
		{428B3F54-DA76-20DB-4D8A-3DDB0E5F1C26}.Debug|Any CPU.ActiveCfg = Debug|Any CPU
		{428B3F54-DA76-20DB-4D8A-3DDB0E5F1C26}.Debug|Any CPU.Build.0 = Debug|Any CPU
		{428B3F54-DA76-20DB-4D8A-3DDB0E5F1C26}.Release|Any CPU.ActiveCfg = Release|Any CPU
		{428B3F54-DA76-20DB-4D8A-3DDB0E5F1C26}.Release|Any CPU.Build.0 = Release|Any CPU
		{38A5A563-4C3D-D050-1687-167767CFC3FC}.Debug|Any CPU.ActiveCfg = Debug|Any CPU
		{38A5A563-4C3D-D050-1687-167767CFC3FC}.Debug|Any CPU.Build.0 = Debug|Any CPU
		{38A5A563-4C3D-D050-1687-167767CFC3FC}.Release|Any CPU.ActiveCfg = Release|Any CPU
		{38A5A563-4C3D-D050-1687-167767CFC3FC}.Release|Any CPU.Build.0 = Release|Any CPU
		{9C0F5A17-21B9-77F0-F1C2-41E43BAA0BEF}.Debug|Any CPU.ActiveCfg = Debug|Any CPU
		{9C0F5A17-21B9-77F0-F1C2-41E43BAA0BEF}.Debug|Any CPU.Build.0 = Debug|Any CPU
		{9C0F5A17-21B9-77F0-F1C2-41E43BAA0BEF}.Release|Any CPU.ActiveCfg = Release|Any CPU
		{9C0F5A17-21B9-77F0-F1C2-41E43BAA0BEF}.Release|Any CPU.Build.0 = Release|Any CPU
		{F9AE1C6D-E150-9303-5119-BFDFDA75F7AF}.Debug|Any CPU.ActiveCfg = Debug|Any CPU
		{F9AE1C6D-E150-9303-5119-BFDFDA75F7AF}.Debug|Any CPU.Build.0 = Debug|Any CPU
		{F9AE1C6D-E150-9303-5119-BFDFDA75F7AF}.Release|Any CPU.ActiveCfg = Release|Any CPU
		{F9AE1C6D-E150-9303-5119-BFDFDA75F7AF}.Release|Any CPU.Build.0 = Release|Any CPU
		{83AE0E35-846D-D305-447E-23B5D2320BF0}.Debug|Any CPU.ActiveCfg = Debug|Any CPU
		{83AE0E35-846D-D305-447E-23B5D2320BF0}.Debug|Any CPU.Build.0 = Debug|Any CPU
		{83AE0E35-846D-D305-447E-23B5D2320BF0}.Release|Any CPU.ActiveCfg = Release|Any CPU
		{83AE0E35-846D-D305-447E-23B5D2320BF0}.Release|Any CPU.Build.0 = Release|Any CPU
		{43A71040-A338-5032-FF40-561984A51631}.Debug|Any CPU.ActiveCfg = Debug|Any CPU
		{43A71040-A338-5032-FF40-561984A51631}.Debug|Any CPU.Build.0 = Debug|Any CPU
		{43A71040-A338-5032-FF40-561984A51631}.Release|Any CPU.ActiveCfg = Release|Any CPU
		{43A71040-A338-5032-FF40-561984A51631}.Release|Any CPU.Build.0 = Release|Any CPU
		{24DD124E-2565-9688-412B-55DF0949B414}.Debug|Any CPU.ActiveCfg = Debug|Any CPU
		{24DD124E-2565-9688-412B-55DF0949B414}.Debug|Any CPU.Build.0 = Debug|Any CPU
		{24DD124E-2565-9688-412B-55DF0949B414}.Release|Any CPU.ActiveCfg = Release|Any CPU
		{24DD124E-2565-9688-412B-55DF0949B414}.Release|Any CPU.Build.0 = Release|Any CPU
	EndGlobalSection
	GlobalSection(SolutionProperties) = preSolution
		HideSolutionNode = FALSE
	EndGlobalSection
EndGlobal
